
Microsoft Visual Studio Solution File, Format Version 12.00
# Visual Studio Version 17
VisualStudioVersion = 17.9.34728.123
MinimumVisualStudioVersion = 10.0.40219.1
Project("{FAE04EC0-301F-11D3-BF4B-00C04F79EFBC}") = "MCQ", "MCQ.csproj", "{AF89D60E-C4AC-4DA3-BAE5-C07F9E134CBA}"
EndProject
Global
	GlobalSection(SolutionConfigurationPlatforms) = preSolution
		Debug|Any CPU = Debug|Any CPU
		Release|Any CPU = Release|Any CPU
	EndGlobalSection
	GlobalSection(ProjectConfigurationPlatforms) = postSolution
		{AF89D60E-C4AC-4DA3-BAE5-C07F9E134CBA}.Debug|Any CPU.ActiveCfg = Debug|Any CPU
		{AF89D60E-C4AC-4DA3-BAE5-C07F9E134CBA}.Debug|Any CPU.Build.0 = Debug|Any CPU
		{AF89D60E-C4AC-4DA3-BAE5-C07F9E134CBA}.Release|Any CPU.ActiveCfg = Release|Any CPU
		{AF89D60E-C4AC-4DA3-BAE5-C07F9E134CBA}.Release|Any CPU.Build.0 = Release|Any CPU
	EndGlobalSection
	GlobalSection(SolutionProperties) = preSolution
		HideSolutionNode = FALSE
	EndGlobalSection
	GlobalSection(ExtensibilityGlobals) = postSolution
		SolutionGuid = {7DDD8749-66B5-48D2-A6B7-69ED35ADF5E6}
	EndGlobalSection
EndGlobal
